
Microsoft Visual Studio Solution File, Format Version 12.00
# Visual Studio 14
VisualStudioVersion = 14.0.25420.1
MinimumVisualStudioVersion = 10.0.40219.1
Project("{FAE04EC0-301F-11D3-BF4B-00C04F79EFBC}") = "RedQ.NET", "RedisLib2\RedQ.NET.csproj", "{5FF0001D-C034-4D46-9A35-B11E31D43A23}"
EndProject
Project("{FAE04EC0-301F-11D3-BF4B-00C04F79EFBC}") = "ConsoleApplication1", "ConsoleApplication1\ConsoleApplication1.csproj", "{35F8A6DD-D6A8-4D61-A36D-0307923F8F9F}"
EndProject
Project("{FAE04EC0-301F-11D3-BF4B-00C04F79EFBC}") = "ConsoleApplication2", "ConsoleApplication2\ConsoleApplication2.csproj", "{2C42A0AB-2BDE-4F58-A124-35AD031AD43C}"
EndProject
Global
	GlobalSection(SolutionConfigurationPlatforms) = preSolution
		Debug|Any CPU = Debug|Any CPU
		Release|Any CPU = Release|Any CPU
	EndGlobalSection
	GlobalSection(ProjectConfigurationPlatforms) = postSolution
		{5FF0001D-C034-4D46-9A35-B11E31D43A23}.Debug|Any CPU.ActiveCfg = Debug|Any CPU
		{5FF0001D-C034-4D46-9A35-B11E31D43A23}.Debug|Any CPU.Build.0 = Debug|Any CPU
		{5FF0001D-C034-4D46-9A35-B11E31D43A23}.Release|Any CPU.ActiveCfg = Release|Any CPU
		{5FF0001D-C034-4D46-9A35-B11E31D43A23}.Release|Any CPU.Build.0 = Release|Any CPU
		{35F8A6DD-D6A8-4D61-A36D-0307923F8F9F}.Debug|Any CPU.ActiveCfg = Debug|Any CPU
		{35F8A6DD-D6A8-4D61-A36D-0307923F8F9F}.Debug|Any CPU.Build.0 = Debug|Any CPU
		{35F8A6DD-D6A8-4D61-A36D-0307923F8F9F}.Release|Any CPU.ActiveCfg = Release|Any CPU
		{35F8A6DD-D6A8-4D61-A36D-0307923F8F9F}.Release|Any CPU.Build.0 = Release|Any CPU
		{2C42A0AB-2BDE-4F58-A124-35AD031AD43C}.Debug|Any CPU.ActiveCfg = Debug|Any CPU
		{2C42A0AB-2BDE-4F58-A124-35AD031AD43C}.Debug|Any CPU.Build.0 = Debug|Any CPU
		{2C42A0AB-2BDE-4F58-A124-35AD031AD43C}.Release|Any CPU.ActiveCfg = Release|Any CPU
		{2C42A0AB-2BDE-4F58-A124-35AD031AD43C}.Release|Any CPU.Build.0 = Release|Any CPU
	EndGlobalSection
	GlobalSection(SolutionProperties) = preSolution
		HideSolutionNode = FALSE
	EndGlobalSection
EndGlobal
